
Microsoft Visual Studio Solution File, Format Version 12.00
# Visual Studio Version 16
VisualStudioVersion = 16.0.29728.190
MinimumVisualStudioVersion = 10.0.40219.1
Project("{FAE04EC0-301F-11D3-BF4B-00C04F79EFBC}") = "Tarea3", "Tarea3\Tarea3.csproj", "{B7A68FA4-AB6F-4628-AE6D-B8D89FF4C2C9}"
EndProject
Global
	GlobalSection(SolutionConfigurationPlatforms) = preSolution
		Debug|Any CPU = Debug|Any CPU
		Release|Any CPU = Release|Any CPU
	EndGlobalSection
	GlobalSection(ProjectConfigurationPlatforms) = postSolution
		{B7A68FA4-AB6F-4628-AE6D-B8D89FF4C2C9}.Debug|Any CPU.ActiveCfg = Debug|Any CPU
		{B7A68FA4-AB6F-4628-AE6D-B8D89FF4C2C9}.Debug|Any CPU.Build.0 = Debug|Any CPU
		{B7A68FA4-AB6F-4628-AE6D-B8D89FF4C2C9}.Release|Any CPU.ActiveCfg = Release|Any CPU
		{B7A68FA4-AB6F-4628-AE6D-B8D89FF4C2C9}.Release|Any CPU.Build.0 = Release|Any CPU
	EndGlobalSection
	GlobalSection(SolutionProperties) = preSolution
		HideSolutionNode = FALSE
	EndGlobalSection
	GlobalSection(ExtensibilityGlobals) = postSolution
		SolutionGuid = {C2E1DB6A-E194-48C2-A0B1-EE0F2EB9F7A0}
	EndGlobalSection
EndGlobal
